// !$*UTF8*$!
{
	archiveVersion = 1;
	classes = {
	};
	objectVersion = 46;
	objects = {

/* Begin PBXBuildFile section */
		84BE8DBE1A6D2FFD00C2A798 /* main.m in Sources */ = {isa = PBXBuildFile; fileRef = 84BE8DBD1A6D2FFD00C2A798 /* main.m */; };
		84BE8DC11A6D2FFD00C2A798 /* AppDelegate.m in Sources */ = {isa = PBXBuildFile; fileRef = 84BE8DC01A6D2FFD00C2A798 /* AppDelegate.m */; };
		84BE8DC41A6D2FFD00C2A798 /* ViewController.m in Sources */ = {isa = PBXBuildFile; fileRef = 84BE8DC31A6D2FFD00C2A798 /* ViewController.m */; };
		84BE8DC71A6D2FFD00C2A798 /* Main.storyboard in Resources */ = {isa = PBXBuildFile; fileRef = 84BE8DC51A6D2FFD00C2A798 /* Main.storyboard */; };
		84BE8DC91A6D2FFD00C2A798 /* Images.xcassets in Resources */ = {isa = PBXBuildFile; fileRef = 84BE8DC81A6D2FFD00C2A798 /* Images.xcassets */; };
		84BE8DCC1A6D2FFD00C2A798 /* LaunchScreen.xib in Resources */ = {isa = PBXBuildFile; fileRef = 84BE8DCA1A6D2FFD00C2A798 /* LaunchScreen.xib */; };
		84BE8DD81A6D2FFD00C2A798 /* StepGameTests.m in Sources */ = {isa = PBXBuildFile; fileRef = 84BE8DD71A6D2FFD00C2A798 /* StepGameTests.m */; };
		A9F677791A6E004A00E5F06E /* MapKit.framework in Frameworks */ = {isa = PBXBuildFile; fileRef = A9F677781A6E004A00E5F06E /* MapKit.framework */; };
		A9F6777B1A6E005200E5F06E /* CoreLocation.framework in Frameworks */ = {isa = PBXBuildFile; fileRef = A9F6777A1A6E005200E5F06E /* CoreLocation.framework */; };
		A9F6777E1A6E007900E5F06E /* MapViewController.m in Sources */ = {isa = PBXBuildFile; fileRef = A9F6777D1A6E007900E5F06E /* MapViewController.m */; };
/* End PBXBuildFile section */

/* Begin PBXContainerItemProxy section */
		84BE8DD21A6D2FFD00C2A798 /* PBXContainerItemProxy */ = {
			isa = PBXContainerItemProxy;
			containerPortal = 84BE8DB01A6D2FFD00C2A798 /* Project object */;
			proxyType = 1;
			remoteGlobalIDString = 84BE8DB71A6D2FFD00C2A798;
			remoteInfo = StepGame;
		};
/* End PBXContainerItemProxy section */

/* Begin PBXFileReference section */
		84BE8DB81A6D2FFD00C2A798 /* StepGame.app */ = {isa = PBXFileReference; explicitFileType = wrapper.application; includeInIndex = 0; path = StepGame.app; sourceTree = BUILT_PRODUCTS_DIR; };
		84BE8DBC1A6D2FFD00C2A798 /* Info.plist */ = {isa = PBXFileReference; lastKnownFileType = text.plist.xml; path = Info.plist; sourceTree = "<group>"; };
		84BE8DBD1A6D2FFD00C2A798 /* main.m */ = {isa = PBXFileReference; lastKnownFileType = sourcecode.c.objc; path = main.m; sourceTree = "<group>"; };
		84BE8DBF1A6D2FFD00C2A798 /* AppDelegate.h */ = {isa = PBXFileReference; lastKnownFileType = sourcecode.c.h; path = AppDelegate.h; sourceTree = "<group>"; };
		84BE8DC01A6D2FFD00C2A798 /* AppDelegate.m */ = {isa = PBXFileReference; lastKnownFileType = sourcecode.c.objc; path = AppDelegate.m; sourceTree = "<group>"; };
		84BE8DC21A6D2FFD00C2A798 /* ViewController.h */ = {isa = PBXFileReference; lastKnownFileType = sourcecode.c.h; path = ViewController.h; sourceTree = "<group>"; };
		84BE8DC31A6D2FFD00C2A798 /* ViewController.m */ = {isa = PBXFileReference; lastKnownFileType = sourcecode.c.objc; path = ViewController.m; sourceTree = "<group>"; };
		84BE8DC61A6D2FFD00C2A798 /* Base */ = {isa = PBXFileReference; lastKnownFileType = file.storyboard; name = Base; path = Base.lproj/Main.storyboard; sourceTree = "<group>"; };
		84BE8DC81A6D2FFD00C2A798 /* Images.xcassets */ = {isa = PBXFileReference; lastKnownFileType = folder.assetcatalog; path = Images.xcassets; sourceTree = "<group>"; };
		84BE8DCB1A6D2FFD00C2A798 /* Base */ = {isa = PBXFileReference; lastKnownFileType = file.xib; name = Base; path = Base.lproj/LaunchScreen.xib; sourceTree = "<group>"; };
		84BE8DD11A6D2FFD00C2A798 /* StepGameTests.xctest */ = {isa = PBXFileReference; explicitFileType = wrapper.cfbundle; includeInIndex = 0; path = StepGameTests.xctest; sourceTree = BUILT_PRODUCTS_DIR; };
		84BE8DD61A6D2FFD00C2A798 /* Info.plist */ = {isa = PBXFileReference; lastKnownFileType = text.plist.xml; path = Info.plist; sourceTree = "<group>"; };
		84BE8DD71A6D2FFD00C2A798 /* StepGameTests.m */ = {isa = PBXFileReference; lastKnownFileType = sourcecode.c.objc; path = StepGameTests.m; sourceTree = "<group>"; };
		A9F677781A6E004A00E5F06E /* MapKit.framework */ = {isa = PBXFileReference; lastKnownFileType = wrapper.framework; name = MapKit.framework; path = System/Library/Frameworks/MapKit.framework; sourceTree = SDKROOT; };
		A9F6777A1A6E005200E5F06E /* CoreLocation.framework */ = {isa = PBXFileReference; lastKnownFileType = wrapper.framework; name = CoreLocation.framework; path = System/Library/Frameworks/CoreLocation.framework; sourceTree = SDKROOT; };
		A9F6777C1A6E007900E5F06E /* MapViewController.h */ = {isa = PBXFileReference; fileEncoding = 4; lastKnownFileType = sourcecode.c.h; path = MapViewController.h; sourceTree = "<group>"; };
		A9F6777D1A6E007900E5F06E /* MapViewController.m */ = {isa = PBXFileReference; fileEncoding = 4; lastKnownFileType = sourcecode.c.objc; path = MapViewController.m; sourceTree = "<group>"; };
/* End PBXFileReference section */

/* Begin PBXFrameworksBuildPhase section */
		84BE8DB51A6D2FFD00C2A798 /* Frameworks */ = {
			isa = PBXFrameworksBuildPhase;
			buildActionMask = 2147483647;
			files = (
				A9F6777B1A6E005200E5F06E /* CoreLocation.framework in Frameworks */,
				A9F677791A6E004A00E5F06E /* MapKit.framework in Frameworks */,
			);
			runOnlyForDeploymentPostprocessing = 0;
		};
		84BE8DCE1A6D2FFD00C2A798 /* Frameworks */ = {
			isa = PBXFrameworksBuildPhase;
			buildActionMask = 2147483647;
			files = (
			);
			runOnlyForDeploymentPostprocessing = 0;
		};
/* End PBXFrameworksBuildPhase section */

/* Begin PBXGroup section */
		84BE8DAF1A6D2FFD00C2A798 = {
			isa = PBXGroup;
			children = (
				A9F6777A1A6E005200E5F06E /* CoreLocation.framework */,
				A9F677781A6E004A00E5F06E /* MapKit.framework */,
				84BE8DBA1A6D2FFD00C2A798 /* StepGame */,
				84BE8DD41A6D2FFD00C2A798 /* StepGameTests */,
				84BE8DB91A6D2FFD00C2A798 /* Products */,
			);
			sourceTree = "<group>";
		};
		84BE8DB91A6D2FFD00C2A798 /* Products */ = {
			isa = PBXGroup;
			children = (
				84BE8DB81A6D2FFD00C2A798 /* StepGame.app */,
				84BE8DD11A6D2FFD00C2A798 /* StepGameTests.xctest */,
			);
			name = Products;
			sourceTree = "<group>";
		};
		84BE8DBA1A6D2FFD00C2A798 /* StepGame */ = {
			isa = PBXGroup;
			children = (
				84BE8DBF1A6D2FFD00C2A798 /* AppDelegate.h */,
				84BE8DC01A6D2FFD00C2A798 /* AppDelegate.m */,
				84BE8DC21A6D2FFD00C2A798 /* ViewController.h */,
				84BE8DC31A6D2FFD00C2A798 /* ViewController.m */,
				A9F6777F1A6E00FE00E5F06E /* ViewController */,
				84BE8DC51A6D2FFD00C2A798 /* Main.storyboard */,
				84BE8DC81A6D2FFD00C2A798 /* Images.xcassets */,
				84BE8DCA1A6D2FFD00C2A798 /* LaunchScreen.xib */,
				84BE8DBB1A6D2FFD00C2A798 /* Supporting Files */,
			);
			path = StepGame;
			sourceTree = "<group>";
		};
		84BE8DBB1A6D2FFD00C2A798 /* Supporting Files */ = {
			isa = PBXGroup;
			children = (
				84BE8DBC1A6D2FFD00C2A798 /* Info.plist */,
				84BE8DBD1A6D2FFD00C2A798 /* main.m */,
			);
			name = "Supporting Files";
			sourceTree = "<group>";
		};
		84BE8DD41A6D2FFD00C2A798 /* StepGameTests */ = {
			isa = PBXGroup;
			children = (
				84BE8DD71A6D2FFD00C2A798 /* StepGameTests.m */,
				84BE8DD51A6D2FFD00C2A798 /* Supporting Files */,
			);
			path = StepGameTests;
			sourceTree = "<group>";
		};
		84BE8DD51A6D2FFD00C2A798 /* Supporting Files */ = {
			isa = PBXGroup;
			children = (
				84BE8DD61A6D2FFD00C2A798 /* Info.plist */,
			);
			name = "Supporting Files";
			sourceTree = "<group>";
		};
		A9F6777F1A6E00FE00E5F06E /* ViewController */ = {
			isa = PBXGroup;
			children = (
				A9F6777C1A6E007900E5F06E /* MapViewController.h */,
				A9F6777D1A6E007900E5F06E /* MapViewController.m */,
			);
			name = ViewController;
			sourceTree = "<group>";
		};
/* End PBXGroup section */

/* Begin PBXNativeTarget section */
		84BE8DB71A6D2FFD00C2A798 /* StepGame */ = {
			isa = PBXNativeTarget;
			buildConfigurationList = 84BE8DDB1A6D2FFD00C2A798 /* Build configuration list for PBXNativeTarget "StepGame" */;
			buildPhases = (
				84BE8DB41A6D2FFD00C2A798 /* Sources */,
				84BE8DB51A6D2FFD00C2A798 /* Frameworks */,
				84BE8DB61A6D2FFD00C2A798 /* Resources */,
			);
			buildRules = (
			);
			dependencies = (
			);
			name = StepGame;
			productName = StepGame;
			productReference = 84BE8DB81A6D2FFD00C2A798 /* StepGame.app */;
			productType = "com.apple.product-type.application";
		};
		84BE8DD01A6D2FFD00C2A798 /* StepGameTests */ = {
			isa = PBXNativeTarget;
			buildConfigurationList = 84BE8DDE1A6D2FFD00C2A798 /* Build configuration list for PBXNativeTarget "StepGameTests" */;
			buildPhases = (
				84BE8DCD1A6D2FFD00C2A798 /* Sources */,
				84BE8DCE1A6D2FFD00C2A798 /* Frameworks */,
				84BE8DCF1A6D2FFD00C2A798 /* Resources */,
			);
			buildRules = (
			);
			dependencies = (
				84BE8DD31A6D2FFD00C2A798 /* PBXTargetDependency */,
			);
			name = StepGameTests;
			productName = StepGameTests;
			productReference = 84BE8DD11A6D2FFD00C2A798 /* StepGameTests.xctest */;
			productType = "com.apple.product-type.bundle.unit-test";
		};
/* End PBXNativeTarget section */

/* Begin PBXProject section */
		84BE8DB01A6D2FFD00C2A798 /* Project object */ = {
			isa = PBXProject;
			attributes = {
				LastUpgradeCheck = 0610;
				ORGANIZATIONNAME = NoPay;
				TargetAttributes = {
					84BE8DB71A6D2FFD00C2A798 = {
						CreatedOnToolsVersion = 6.1.1;
					};
					84BE8DD01A6D2FFD00C2A798 = {
						CreatedOnToolsVersion = 6.1.1;
						TestTargetID = 84BE8DB71A6D2FFD00C2A798;
					};
				};
			};
			buildConfigurationList = 84BE8DB31A6D2FFD00C2A798 /* Build configuration list for PBXProject "StepGame" */;
			compatibilityVersion = "Xcode 3.2";
			developmentRegion = English;
			hasScannedForEncodings = 0;
			knownRegions = (
				en,
				Base,
			);
			mainGroup = 84BE8DAF1A6D2FFD00C2A798;
			productRefGroup = 84BE8DB91A6D2FFD00C2A798 /* Products */;
			projectDirPath = "";
			projectRoot = "";
			targets = (
				84BE8DB71A6D2FFD00C2A798 /* StepGame */,
				84BE8DD01A6D2FFD00C2A798 /* StepGameTests */,
			);
		};
/* End PBXProject section */

/* Begin PBXResourcesBuildPhase section */
		84BE8DB61A6D2FFD00C2A798 /* Resources */ = {
			isa = PBXResourcesBuildPhase;
			buildActionMask = 2147483647;
			files = (
				84BE8DC71A6D2FFD00C2A798 /* Main.storyboard in Resources */,
				84BE8DCC1A6D2FFD00C2A798 /* LaunchScreen.xib in Resources */,
				84BE8DC91A6D2FFD00C2A798 /* Images.xcassets in Resources */,
			);
			runOnlyForDeploymentPostprocessing = 0;
		};
		84BE8DCF1A6D2FFD00C2A798 /* Resources */ = {
			isa = PBXResourcesBuildPhase;
			buildActionMask = 2147483647;
			files = (
			);
			runOnlyForDeploymentPostprocessing = 0;
		};
/* End PBXResourcesBuildPhase section */

/* Begin PBXSourcesBuildPhase section */
		84BE8DB41A6D2FFD00C2A798 /* Sources */ = {
			isa = PBXSourcesBuildPhase;
			buildActionMask = 2147483647;
			files = (
				84BE8DC41A6D2FFD00C2A798 /* ViewController.m in Sources */,
				84BE8DC11A6D2FFD00C2A798 /* AppDelegate.m in Sources */,
				84BE8DBE1A6D2FFD00C2A798 /* main.m in Sources */,
				A9F6777E1A6E007900E5F06E /* MapViewController.m in Sources */,
			);
			runOnlyForDeploymentPostprocessing = 0;
		};
		84BE8DCD1A6D2FFD00C2A798 /* Sources */ = {
			isa = PBXSourcesBuildPhase;
			buildActionMask = 2147483647;
			files = (
				84BE8DD81A6D2FFD00C2A798 /* StepGameTests.m in Sources */,
			);
			runOnlyForDeploymentPostprocessing = 0;
		};
/* End PBXSourcesBuildPhase section */

/* Begin PBXTargetDependency section */
		84BE8DD31A6D2FFD00C2A798 /* PBXTargetDependency */ = {
			isa = PBXTargetDependency;
			target = 84BE8DB71A6D2FFD00C2A798 /* StepGame */;
			targetProxy = 84BE8DD21A6D2FFD00C2A798 /* PBXContainerItemProxy */;
		};
/* End PBXTargetDependency section */

/* Begin PBXVariantGroup section */
		84BE8DC51A6D2FFD00C2A798 /* Main.storyboard */ = {
			isa = PBXVariantGroup;
			children = (
				84BE8DC61A6D2FFD00C2A798 /* Base */,
			);
			name = Main.storyboard;
			sourceTree = "<group>";
		};
		84BE8DCA1A6D2FFD00C2A798 /* LaunchScreen.xib */ = {
			isa = PBXVariantGroup;
			children = (
				84BE8DCB1A6D2FFD00C2A798 /* Base */,
			);
			name = LaunchScreen.xib;
			sourceTree = "<group>";
		};
/* End PBXVariantGroup section */

/* Begin XCBuildConfiguration section */
		84BE8DD91A6D2FFD00C2A798 /* Debug */ = {
			isa = XCBuildConfiguration;
			buildSettings = {
				ALWAYS_SEARCH_USER_PATHS = NO;
				CLANG_CXX_LANGUAGE_STANDARD = "gnu++0x";
				CLANG_CXX_LIBRARY = "libc++";
				CLANG_ENABLE_MODULES = YES;
				CLANG_ENABLE_OBJC_ARC = YES;
				CLANG_WARN_BOOL_CONVERSION = YES;
				CLANG_WARN_CONSTANT_CONVERSION = YES;
				CLANG_WARN_DIRECT_OBJC_ISA_USAGE = YES_ERROR;
				CLANG_WARN_EMPTY_BODY = YES;
				CLANG_WARN_ENUM_CONVERSION = YES;
				CLANG_WARN_INT_CONVERSION = YES;
				CLANG_WARN_OBJC_ROOT_CLASS = YES_ERROR;
				CLANG_WARN_UNREACHABLE_CODE = YES;
				CLANG_WARN__DUPLICATE_METHOD_MATCH = YES;
				"CODE_SIGN_IDENTITY[sdk=iphoneos*]" = "iPhone Developer";
				COPY_PHASE_STRIP = NO;
				ENABLE_STRICT_OBJC_MSGSEND = YES;
				GCC_C_LANGUAGE_STANDARD = gnu99;
				GCC_DYNAMIC_NO_PIC = NO;
				GCC_OPTIMIZATION_LEVEL = 0;
				GCC_PREPROCESSOR_DEFINITIONS = (
					"DEBUG=1",
					"$(inherited)",
				);
				GCC_SYMBOLS_PRIVATE_EXTERN = NO;
				GCC_WARN_64_TO_32_BIT_CONVERSION = YES;
				GCC_WARN_ABOUT_RETURN_TYPE = YES_ERROR;
				GCC_WARN_UNDECLARED_SELECTOR = YES;
				GCC_WARN_UNINITIALIZED_AUTOS = YES_AGGRESSIVE;
				GCC_WARN_UNUSED_FUNCTION = YES;
				GCC_WARN_UNUSED_VARIABLE = YES;
				IPHONEOS_DEPLOYMENT_TARGET = 8.1;
				MTL_ENABLE_DEBUG_INFO = YES;
				ONLY_ACTIVE_ARCH = YES;
				SDKROOT = iphoneos;
				TARGETED_DEVICE_FAMILY = "1,2";
			};
			name = Debug;
		};
		84BE8DDA1A6D2FFD00C2A798 /* Release */ = {
			isa = XCBuildConfiguration;
			buildSettings = {
				ALWAYS_SEARCH_USER_PATHS = NO;
				CLANG_CXX_LANGUAGE_STANDARD = "gnu++0x";
				CLANG_CXX_LIBRARY = "libc++";
				CLANG_ENABLE_MODULES = YES;
				CLANG_ENABLE_OBJC_ARC = YES;
				CLANG_WARN_BOOL_CONVERSION = YES;
				CLANG_WARN_CONSTANT_CONVERSION = YES;
				CLANG_WARN_DIRECT_OBJC_ISA_USAGE = YES_ERROR;
				CLANG_WARN_EMPTY_BODY = YES;
				CLANG_WARN_ENUM_CONVERSION = YES;
				CLANG_WARN_INT_CONVERSION = YES;
				CLANG_WARN_OBJC_ROOT_CLASS = YES_ERROR;
				CLANG_WARN_UNREACHABLE_CODE = YES;
				CLANG_WARN__DUPLICATE_METHOD_MATCH = YES;
				"CODE_SIGN_IDENTITY[sdk=iphoneos*]" = "iPhone Developer";
				COPY_PHASE_STRIP = YES;
				ENABLE_NS_ASSERTIONS = NO;
				ENABLE_STRICT_OBJC_MSGSEND = YES;
				GCC_C_LANGUAGE_STANDARD = gnu99;
				GCC_WARN_64_TO_32_BIT_CONVERSION = YES;
				GCC_WARN_ABOUT_RETURN_TYPE = YES_ERROR;
				GCC_WARN_UNDECLARED_SELECTOR = YES;
				GCC_WARN_UNINITIALIZED_AUTOS = YES_AGGRESSIVE;
				GCC_WARN_UNUSED_FUNCTION = YES;
				GCC_WARN_UNUSED_VARIABLE = YES;
				IPHONEOS_DEPLOYMENT_TARGET = 8.1;
				MTL_ENABLE_DEBUG_INFO = NO;
				SDKROOT = iphoneos;
				TARGETED_DEVICE_FAMILY = "1,2";
				VALIDATE_PRODUCT = YES;
			};
			name = Release;
		};
		84BE8DDC1A6D2FFD00C2A798 /* Debug */ = {
			isa = XCBuildConfiguration;
			buildSettings = {
				ASSETCATALOG_COMPILER_APPICON_NAME = AppIcon;
				INFOPLIST_FILE = StepGame/Info.plist;
				LD_RUNPATH_SEARCH_PATHS = "$(inherited) @executable_path/Frameworks";
				PRODUCT_NAME = "$(TARGET_NAME)";
			};
			name = Debug;
		};
		84BE8DDD1A6D2FFD00C2A798 /* Release */ = {
			isa = XCBuildConfiguration;
			buildSettings = {
				ASSETCATALOG_COMPILER_APPICON_NAME = AppIcon;
				INFOPLIST_FILE = StepGame/Info.plist;
				LD_RUNPATH_SEARCH_PATHS = "$(inherited) @executable_path/Frameworks";
				PRODUCT_NAME = "$(TARGET_NAME)";
			};
			name = Release;
		};
		84BE8DDF1A6D2FFD00C2A798 /* Debug */ = {
			isa = XCBuildConfiguration;
			buildSettings = {
				BUNDLE_LOADER = "$(TEST_HOST)";
				FRAMEWORK_SEARCH_PATHS = (
					"$(SDKROOT)/Developer/Library/Frameworks",
					"$(inherited)",
				);
				GCC_PREPROCESSOR_DEFINITIONS = (
					"DEBUG=1",
					"$(inherited)",
				);
				INFOPLIST_FILE = StepGameTests/Info.plist;
				LD_RUNPATH_SEARCH_PATHS = "$(inherited) @executable_path/Frameworks @loader_path/Frameworks";
				PRODUCT_NAME = "$(TARGET_NAME)";
				TEST_HOST = "$(BUILT_PRODUCTS_DIR)/StepGame.app/StepGame";
			};
			name = Debug;
		};
		84BE8DE01A6D2FFD00C2A798 /* Release */ = {
			isa = XCBuildConfiguration;
			buildSettings = {
				BUNDLE_LOADER = "$(TEST_HOST)";
				FRAMEWORK_SEARCH_PATHS = (
					"$(SDKROOT)/Developer/Library/Frameworks",
					"$(inherited)",
				);
				INFOPLIST_FILE = StepGameTests/Info.plist;
				LD_RUNPATH_SEARCH_PATHS = "$(inherited) @executable_path/Frameworks @loader_path/Frameworks";
				PRODUCT_NAME = "$(TARGET_NAME)";
				TEST_HOST = "$(BUILT_PRODUCTS_DIR)/StepGame.app/StepGame";
			};
			name = Release;
		};
/* End XCBuildConfiguration section */

/* Begin XCConfigurationList section */
		84BE8DB31A6D2FFD00C2A798 /* Build configuration list for PBXProject "StepGame" */ = {
			isa = XCConfigurationList;
			buildConfigurations = (
				84BE8DD91A6D2FFD00C2A798 /* Debug */,
				84BE8DDA1A6D2FFD00C2A798 /* Release */,
			);
			defaultConfigurationIsVisible = 0;
			defaultConfigurationName = Release;
		};
		84BE8DDB1A6D2FFD00C2A798 /* Build configuration list for PBXNativeTarget "StepGame" */ = {
			isa = XCConfigurationList;
			buildConfigurations = (
				84BE8DDC1A6D2FFD00C2A798 /* Debug */,
				84BE8DDD1A6D2FFD00C2A798 /* Release */,
			);
			defaultConfigurationIsVisible = 0;
			defaultConfigurationName = Release;
		};
		84BE8DDE1A6D2FFD00C2A798 /* Build configuration list for PBXNativeTarget "StepGameTests" */ = {
			isa = XCConfigurationList;
			buildConfigurations = (
				84BE8DDF1A6D2FFD00C2A798 /* Debug */,
				84BE8DE01A6D2FFD00C2A798 /* Release */,
			);
			defaultConfigurationIsVisible = 0;
			defaultConfigurationName = Release;
		};
/* End XCConfigurationList section */
	};
	rootObject = 84BE8DB01A6D2FFD00C2A798 /* Project object */;
}
